
Microsoft Visual Studio Solution File, Format Version 12.00
# Visual Studio 15
VisualStudioVersion = 15.0.27130.2027
MinimumVisualStudioVersion = 10.0.40219.1
Project("{2150E333-8FDC-42A3-9474-1A3956D46DE8}") = "Objective.1.1", "Objective.1.1", "{A17395C1-5BA6-48F7-813A-14AC0F0FDC36}"
EndProject
Project("{9A19103F-16F7-4668-BE54-9A1E7A4F7556}") = "Listing.1.01", "Objective.1.1\Listing.1.01\Listing.1.01.csproj", "{901EAB51-ECC3-4F20-8BCB-834156F8968B}"
EndProject
Project("{9A19103F-16F7-4668-BE54-9A1E7A4F7556}") = "Listing.1.02", "Objective.1.1\Listing.1.02\Listing.1.02.csproj", "{61BE72DB-A13C-4436-8F67-2D57FC6E1925}"
EndProject
Project("{9A19103F-16F7-4668-BE54-9A1E7A4F7556}") = "Listing.1.03", "Objective.1.1\Listing.1.03\Listing.1.03.csproj", "{E37FE9D5-3CAB-42F4-9195-207359C89731}"
EndProject
Project("{9A19103F-16F7-4668-BE54-9A1E7A4F7556}") = "Listing.1.04", "Objective.1.1\Listing.1.04\Listing.1.04.csproj", "{49EC01C2-2416-49FC-8DC6-D1D651CDC591}"
EndProject
Project("{9A19103F-16F7-4668-BE54-9A1E7A4F7556}") = "Listing.1.05", "Objective.1.1\Listing.1.05\Listing.1.05.csproj", "{8DDBDD65-80C5-4493-B53E-F456E2667638}"
EndProject
Project("{9A19103F-16F7-4668-BE54-9A1E7A4F7556}") = "Listing.1.06", "Objective.1.1\Listing.1.06\Listing.1.06.csproj", "{835E003C-3AB6-406C-A265-642016C5B52B}"
EndProject
Project("{9A19103F-16F7-4668-BE54-9A1E7A4F7556}") = "Listing.1.07", "Objective.1.1\Listing.1.07\Listing.1.07.csproj", "{68409448-71DD-45AD-A31A-AAEEB4C8A93B}"
EndProject
Project("{9A19103F-16F7-4668-BE54-9A1E7A4F7556}") = "Listing.1.08", "Objective.1.1\Listing.1.08\Listing.1.08.csproj", "{67257BEA-C153-4DEB-B456-3AC1F4A3E51E}"
EndProject
Project("{9A19103F-16F7-4668-BE54-9A1E7A4F7556}") = "Listing.1.09", "Objective.1.1\Listing.1.09\Listing.1.09.csproj", "{467C4AE9-20C5-40BB-9D44-1639A7D87879}"
EndProject
Project("{9A19103F-16F7-4668-BE54-9A1E7A4F7556}") = "Listing.1.10", "Objective.1.1\Listing.1.10\Listing.1.10.csproj", "{90B68AD6-AA0A-4BE9-AD92-C31100D410A5}"
EndProject
Project("{9A19103F-16F7-4668-BE54-9A1E7A4F7556}") = "Listing.1.11", "Objective.1.1\Listing.1.11\Listing.1.11.csproj", "{3B3E2C0A-B409-4C86-AA93-D254EF4717EC}"
EndProject
Project("{9A19103F-16F7-4668-BE54-9A1E7A4F7556}") = "Listing.1.12", "Objective.1.1\Listing.1.12\Listing.1.12.csproj", "{A0D3F432-DF70-40DA-A9B3-D6BED53614FD}"
EndProject
Project("{9A19103F-16F7-4668-BE54-9A1E7A4F7556}") = "Listing.1.13", "Objective.1.1\Listing.1.13\Listing.1.13.csproj", "{E7520D1D-040D-4ED7-A68E-70738D4052D0}"
EndProject
Project("{9A19103F-16F7-4668-BE54-9A1E7A4F7556}") = "Listing.1.14", "Objective.1.1\Listing.1.14\Listing.1.14.csproj", "{293B0526-0827-45F4-BFA1-65973CD54234}"
EndProject
Project("{9A19103F-16F7-4668-BE54-9A1E7A4F7556}") = "Listing.1.15", "Objective.1.1\Listing.1.15\Listing.1.15.csproj", "{1E9C4FB4-B47F-4C49-9D3A-A76B034A3EA3}"
EndProject
Project("{9A19103F-16F7-4668-BE54-9A1E7A4F7556}") = "Listing.1.16", "Objective.1.1\Listing.1.16\Listing.1.16.csproj", "{D71E5622-2608-448A-ADEB-287FC5714DCB}"
EndProject
Project("{9A19103F-16F7-4668-BE54-9A1E7A4F7556}") = "Listing.1.17", "Objective.1.1\Listing.1.17\Listing.1.17.csproj", "{6F3CBFDD-DBB5-446C-8B91-4E0BF818C725}"
EndProject
Project("{9A19103F-16F7-4668-BE54-9A1E7A4F7556}") = "Listing.1.18", "Objective.1.1\Listing.1.18\Listing.1.18.csproj", "{C44D834D-3736-4B83-80AF-36F9A6936521}"
EndProject
Project("{9A19103F-16F7-4668-BE54-9A1E7A4F7556}") = "Listing.1.19", "Objective.1.1\Listing.1.19\Listing.1.19.csproj", "{5E52F052-F5AB-472B-97AF-EA893606E4DF}"
EndProject
Project("{9A19103F-16F7-4668-BE54-9A1E7A4F7556}") = "Listing.1.20", "Objective.1.1\Listing.1.20\Listing.1.20.csproj", "{5F16A0EF-3A7D-4912-BC2A-CB48803C6E66}"
EndProject
Project("{9A19103F-16F7-4668-BE54-9A1E7A4F7556}") = "Listing.1.21", "Objective.1.1\Listing.1.21\Listing.1.21.csproj", "{57988B0A-A827-4689-92DB-FF075184C520}"
EndProject
Project("{9A19103F-16F7-4668-BE54-9A1E7A4F7556}") = "Listing.1.22", "Objective.1.1\Listing.1.22\Listing.1.22.csproj", "{56FCCD40-BC24-4D77-A373-DA1408DFA475}"
EndProject
Project("{9A19103F-16F7-4668-BE54-9A1E7A4F7556}") = "Listing.1.23", "Objective.1.1\Listing.1.23\Listing.1.23.csproj", "{142B3050-76F6-4790-9146-9CA3F1A29CAC}"
EndProject
Project("{9A19103F-16F7-4668-BE54-9A1E7A4F7556}") = "Listing.1.24", "Objective.1.1\Listing.1.24\Listing.1.24.csproj", "{58C7DD57-460E-4B0D-8E84-F4443D9F9CBC}"
EndProject
Project("{9A19103F-16F7-4668-BE54-9A1E7A4F7556}") = "Listing.1.25", "Objective.1.1\Listing.1.25\Listing.1.25.csproj", "{6F27A026-4B88-4226-BFA6-0A721FB95CF8}"
EndProject
Project("{9A19103F-16F7-4668-BE54-9A1E7A4F7556}") = "Listing.1.26", "Objective.1.1\Listing.1.26\Listing.1.26.csproj", "{794C230A-90B7-48F7-BC5B-160058FFD530}"
EndProject
Project("{9A19103F-16F7-4668-BE54-9A1E7A4F7556}") = "Listing.1.27", "Objective.1.1\Listing.1.27\Listing.1.27.csproj", "{42513A49-DB82-4F26-87B3-F4F4AFFCAC70}"
EndProject
Project("{9A19103F-16F7-4668-BE54-9A1E7A4F7556}") = "Listing.1.28", "Objective.1.1\Listing.1.28\Listing.1.28.csproj", "{189643DE-C807-4CB3-909A-DCE2E11F2715}"
EndProject
Project("{9A19103F-16F7-4668-BE54-9A1E7A4F7556}") = "Listing.1.29", "Objective.1.1\Listing.1.29\Listing.1.29.csproj", "{FBFFB86B-ABB0-4413-8B95-B1F9EA7F7E96}"
EndProject
Project("{9A19103F-16F7-4668-BE54-9A1E7A4F7556}") = "Listing.1.30", "Objective.1.1\Listing.1.30\Listing.1.30.csproj", "{2214BACB-638D-4E99-A4E2-C4F59E49E2A7}"
EndProject
Project("{9A19103F-16F7-4668-BE54-9A1E7A4F7556}") = "Listing.1.31", "Objective.1.1\Listing.1.31\Listing.1.31.csproj", "{865EFBA6-2B15-45DF-829F-DF937EB1239C}"
EndProject
Project("{9A19103F-16F7-4668-BE54-9A1E7A4F7556}") = "Listing.1.32", "Objective.1.1\Listing.1.32\Listing.1.32.csproj", "{CD4FC280-6518-44AE-A18B-A9375C40953F}"
EndProject
Project("{9A19103F-16F7-4668-BE54-9A1E7A4F7556}") = "Listing.1.33", "Objective.1.1\Listing.1.33\Listing.1.33.csproj", "{8BD36D38-7F4E-40A4-B988-354795131B97}"
EndProject
Project("{9A19103F-16F7-4668-BE54-9A1E7A4F7556}") = "Listing.1.34", "Objective.1.1\Listing.1.34\Listing.1.34.csproj", "{0A610924-5A55-4565-B5D0-52197D785D77}"
EndProject
Project("{2150E333-8FDC-42A3-9474-1A3956D46DE8}") = "Objective.1.2", "Objective.1.2", "{381813E0-8C89-494C-BD00-58C7C0BF3EF8}"
EndProject
Project("{9A19103F-16F7-4668-BE54-9A1E7A4F7556}") = "Listing.1.35", "Objective.1.2\Listing.1.35\Listing.1.35.csproj", "{45AA6EE1-B8E6-4727-ACBE-7340AB12935F}"
EndProject
Project("{9A19103F-16F7-4668-BE54-9A1E7A4F7556}") = "Listing.1.36", "Objective.1.2\Listing.1.36\Listing.1.36.csproj", "{B29981C8-FA13-4309-8519-5AB4F8D1F191}"
EndProject
Project("{9A19103F-16F7-4668-BE54-9A1E7A4F7556}") = "Listing.1.37", "Objective.1.2\Listing.1.37\Listing.1.37.csproj", "{2FB5A427-8FD6-4293-A617-FC3842E5EDC8}"
EndProject
Project("{9A19103F-16F7-4668-BE54-9A1E7A4F7556}") = "Listing.1.38", "Objective.1.2\Listing.1.38\Listing.1.38.csproj", "{1ECAEF45-6A5A-458F-BB3F-395E19912500}"
EndProject
Project("{9A19103F-16F7-4668-BE54-9A1E7A4F7556}") = "Listing.1.39", "Objective.1.2\Listing.1.39\Listing.1.39.csproj", "{424D203F-E7DF-4044-B4CB-9123FF8C9762}"
EndProject
Project("{9A19103F-16F7-4668-BE54-9A1E7A4F7556}") = "Listing.1.40", "Objective.1.2\Listing.1.40\Listing.1.40.csproj", "{ADF04CDE-95B4-4AD4-BA7D-13EF598F3ECF}"
EndProject
Project("{9A19103F-16F7-4668-BE54-9A1E7A4F7556}") = "Listing.1.41", "Objective.1.2\Listing.1.41\Listing.1.41.csproj", "{C4D9E81B-3DD4-47E5-A818-0FF6AFE6A536}"
EndProject
Project("{9A19103F-16F7-4668-BE54-9A1E7A4F7556}") = "Listing.1.42", "Objective.1.2\Listing.1.42\Listing.1.42.csproj", "{8FE839E6-17B1-43E0-BA9E-BEF591A17507}"
EndProject
Project("{9A19103F-16F7-4668-BE54-9A1E7A4F7556}") = "Listing.1.43", "Objective.1.2\Listing.1.43\Listing.1.43.csproj", "{6E46A0AE-DC8D-4E30-B6D5-13219E6D1E88}"
EndProject
Project("{9A19103F-16F7-4668-BE54-9A1E7A4F7556}") = "Listing.1.44", "Objective.1.2\Listing.1.44\Listing.1.44.csproj", "{CD2AE3E6-8B2E-4E0B-A0D4-14804577EBFE}"
EndProject
Project("{9A19103F-16F7-4668-BE54-9A1E7A4F7556}") = "Listing.1.45", "Objective.1.2\Listing.1.45\Listing.1.45.csproj", "{C205949E-D37B-479C-B536-DEC42E2F915E}"
EndProject
Project("{2150E333-8FDC-42A3-9474-1A3956D46DE8}") = "Objective.1.4", "Objective.1.4", "{BD001E54-138C-483A-B83B-DB754C693873}"
EndProject
Project("{9A19103F-16F7-4668-BE54-9A1E7A4F7556}") = "Listing.1.75", "Objective.1.4\Listing.1.75\Listing.1.75.csproj", "{291B0C1D-0A08-4C17-8DD5-1697D9067865}"
EndProject
Project("{9A19103F-16F7-4668-BE54-9A1E7A4F7556}") = "Listing.1.76", "Objective.1.4\Listing.1.76\Listing.1.76.csproj", "{2432506B-81DB-4AD7-9688-64A1DF68FBB4}"
EndProject
Project("{9A19103F-16F7-4668-BE54-9A1E7A4F7556}") = "Listing.1.77", "Objective.1.4\Listing.1.77\Listing.1.77.csproj", "{6660DFA9-0126-40BD-9AB0-555F649C146D}"
EndProject
Project("{9A19103F-16F7-4668-BE54-9A1E7A4F7556}") = "Listing.1.78", "Objective.1.4\Listing.1.78\Listing.1.78.csproj", "{28F57341-76AC-4F58-BEC3-7C3E4D3F10EA}"
EndProject
Project("{9A19103F-16F7-4668-BE54-9A1E7A4F7556}") = "Listing.1.79", "Objective.1.4\Listing.1.79\Listing.1.79.csproj", "{35C5E058-EEAF-4257-8F6D-62B78FA3A5FF}"
EndProject
Project("{9A19103F-16F7-4668-BE54-9A1E7A4F7556}") = "Listing.1.87", "Objective.1.4\Listing.1.87\Listing.1.87.csproj", "{639F42C8-3A30-4AF6-B35C-35C7CF956F39}"
EndProject
Project("{2150E333-8FDC-42A3-9474-1A3956D46DE8}") = "Objective.1.5", "Objective.1.5", "{5C6ACBDF-B4B7-4AFD-B043-B83D3206E060}"
EndProject
Project("{9A19103F-16F7-4668-BE54-9A1E7A4F7556}") = "Listing.1.92", "Objective.1.5\Listing.1.92\Listing.1.92.csproj", "{57E63619-607C-4100-9AB9-47F23BD96DB6}"
EndProject
Project("{2150E333-8FDC-42A3-9474-1A3956D46DE8}") = "Objective.2.2", "Objective.2.2", "{C1AAA2E8-72CC-4443-A687-BF6FB5D85849}"
EndProject
Project("{9A19103F-16F7-4668-BE54-9A1E7A4F7556}") = "Listing.2.24", "Objective.2.2\Listing.2.24\Listing.2.24.csproj", "{AE31F648-D2CB-4C0D-9083-B3CB34DC15B7}"
EndProject
Project("{2150E333-8FDC-42A3-9474-1A3956D46DE8}") = "Objective.2.7", "Objective.2.7", "{9B4798B3-2E05-4B45-992A-AA2C5CADFDCF}"
EndProject
Project("{9A19103F-16F7-4668-BE54-9A1E7A4F7556}") = "Listing.2.89", "Objective.2.7\Listing.2.89\Listing.2.89.csproj", "{EDF952B5-8F4B-423E-AE56-2F5453736B68}"
EndProject
Project("{9A19103F-16F7-4668-BE54-9A1E7A4F7556}") = "Listing.2.90", "Objective.2.7\Listing.2.90\Listing.2.90.csproj", "{FB7BD0A3-B742-40E4-BF44-95C84D4FFD90}"
EndProject
Project("{9A19103F-16F7-4668-BE54-9A1E7A4F7556}") = "Listing.2.94", "Objective.2.7\Listing.2.94\Listing.2.94.csproj", "{2ECB1B35-B264-41B6-A216-32BD6EDE6221}"
EndProject
Project("{2150E333-8FDC-42A3-9474-1A3956D46DE8}") = "Objective.3.1", "Objective.3.1", "{FF320DDF-3CF5-4AD1-B8C6-CB1B5AE268A3}"
EndProject
Project("{9A19103F-16F7-4668-BE54-9A1E7A4F7556}") = "Listing.3.13", "Objective.3.1\Listing.3.13\Listing.3.13.csproj", "{36E94808-2E68-4962-8AEC-ED0E6C53FD50}"
EndProject
Project("{2150E333-8FDC-42A3-9474-1A3956D46DE8}") = "Objective.3.2", "Objective.3.2", "{A3DE1A6C-9CBB-4102-B556-97BBA903B6D9}"
EndProject
Project("{9A19103F-16F7-4668-BE54-9A1E7A4F7556}") = "Listing.3.17", "Objective.3.2\Listing.3.17\Listing.3.17.csproj", "{D77C9597-8F73-4E88-B277-4630BC97A8DC}"
EndProject
Project("{9A19103F-16F7-4668-BE54-9A1E7A4F7556}") = "Listing.3.18", "Objective.3.2\Listing.3.18\Listing.3.18.csproj", "{50BA0CA6-AFE7-4814-A453-CC2D93C8993E}"
EndProject
Project("{9A19103F-16F7-4668-BE54-9A1E7A4F7556}") = "Listing.3.19", "Objective.3.2\Listing.3.19\Listing.3.19.csproj", "{258B6795-B6CE-4328-B86C-EB5FC620C074}"
EndProject
Global
	GlobalSection(SolutionConfigurationPlatforms) = preSolution
		Debug|Any CPU = Debug|Any CPU
		Release|Any CPU = Release|Any CPU
	EndGlobalSection
	GlobalSection(ProjectConfigurationPlatforms) = postSolution
		{901EAB51-ECC3-4F20-8BCB-834156F8968B}.Debug|Any CPU.ActiveCfg = Debug|Any CPU
		{901EAB51-ECC3-4F20-8BCB-834156F8968B}.Debug|Any CPU.Build.0 = Debug|Any CPU
		{901EAB51-ECC3-4F20-8BCB-834156F8968B}.Release|Any CPU.ActiveCfg = Release|Any CPU
		{901EAB51-ECC3-4F20-8BCB-834156F8968B}.Release|Any CPU.Build.0 = Release|Any CPU
		{61BE72DB-A13C-4436-8F67-2D57FC6E1925}.Debug|Any CPU.ActiveCfg = Debug|Any CPU
		{61BE72DB-A13C-4436-8F67-2D57FC6E1925}.Debug|Any CPU.Build.0 = Debug|Any CPU
		{61BE72DB-A13C-4436-8F67-2D57FC6E1925}.Release|Any CPU.ActiveCfg = Release|Any CPU
		{61BE72DB-A13C-4436-8F67-2D57FC6E1925}.Release|Any CPU.Build.0 = Release|Any CPU
		{E37FE9D5-3CAB-42F4-9195-207359C89731}.Debug|Any CPU.ActiveCfg = Debug|Any CPU
		{E37FE9D5-3CAB-42F4-9195-207359C89731}.Debug|Any CPU.Build.0 = Debug|Any CPU
		{E37FE9D5-3CAB-42F4-9195-207359C89731}.Release|Any CPU.ActiveCfg = Release|Any CPU
		{E37FE9D5-3CAB-42F4-9195-207359C89731}.Release|Any CPU.Build.0 = Release|Any CPU
		{49EC01C2-2416-49FC-8DC6-D1D651CDC591}.Debug|Any CPU.ActiveCfg = Debug|Any CPU
		{49EC01C2-2416-49FC-8DC6-D1D651CDC591}.Debug|Any CPU.Build.0 = Debug|Any CPU
		{49EC01C2-2416-49FC-8DC6-D1D651CDC591}.Release|Any CPU.ActiveCfg = Release|Any CPU
		{49EC01C2-2416-49FC-8DC6-D1D651CDC591}.Release|Any CPU.Build.0 = Release|Any CPU
		{8DDBDD65-80C5-4493-B53E-F456E2667638}.Debug|Any CPU.ActiveCfg = Debug|Any CPU
		{8DDBDD65-80C5-4493-B53E-F456E2667638}.Debug|Any CPU.Build.0 = Debug|Any CPU
		{8DDBDD65-80C5-4493-B53E-F456E2667638}.Release|Any CPU.ActiveCfg = Release|Any CPU
		{8DDBDD65-80C5-4493-B53E-F456E2667638}.Release|Any CPU.Build.0 = Release|Any CPU
		{835E003C-3AB6-406C-A265-642016C5B52B}.Debug|Any CPU.ActiveCfg = Debug|Any CPU
		{835E003C-3AB6-406C-A265-642016C5B52B}.Debug|Any CPU.Build.0 = Debug|Any CPU
		{835E003C-3AB6-406C-A265-642016C5B52B}.Release|Any CPU.ActiveCfg = Release|Any CPU
		{835E003C-3AB6-406C-A265-642016C5B52B}.Release|Any CPU.Build.0 = Release|Any CPU
		{68409448-71DD-45AD-A31A-AAEEB4C8A93B}.Debug|Any CPU.ActiveCfg = Debug|Any CPU
		{68409448-71DD-45AD-A31A-AAEEB4C8A93B}.Debug|Any CPU.Build.0 = Debug|Any CPU
		{68409448-71DD-45AD-A31A-AAEEB4C8A93B}.Release|Any CPU.ActiveCfg = Release|Any CPU
		{68409448-71DD-45AD-A31A-AAEEB4C8A93B}.Release|Any CPU.Build.0 = Release|Any CPU
		{67257BEA-C153-4DEB-B456-3AC1F4A3E51E}.Debug|Any CPU.ActiveCfg = Debug|Any CPU
		{67257BEA-C153-4DEB-B456-3AC1F4A3E51E}.Debug|Any CPU.Build.0 = Debug|Any CPU
		{67257BEA-C153-4DEB-B456-3AC1F4A3E51E}.Release|Any CPU.ActiveCfg = Release|Any CPU
		{67257BEA-C153-4DEB-B456-3AC1F4A3E51E}.Release|Any CPU.Build.0 = Release|Any CPU
		{467C4AE9-20C5-40BB-9D44-1639A7D87879}.Debug|Any CPU.ActiveCfg = Debug|Any CPU
		{467C4AE9-20C5-40BB-9D44-1639A7D87879}.Debug|Any CPU.Build.0 = Debug|Any CPU
		{467C4AE9-20C5-40BB-9D44-1639A7D87879}.Release|Any CPU.ActiveCfg = Release|Any CPU
		{467C4AE9-20C5-40BB-9D44-1639A7D87879}.Release|Any CPU.Build.0 = Release|Any CPU
		{90B68AD6-AA0A-4BE9-AD92-C31100D410A5}.Debug|Any CPU.ActiveCfg = Debug|Any CPU
		{90B68AD6-AA0A-4BE9-AD92-C31100D410A5}.Debug|Any CPU.Build.0 = Debug|Any CPU
		{90B68AD6-AA0A-4BE9-AD92-C31100D410A5}.Release|Any CPU.ActiveCfg = Release|Any CPU
		{90B68AD6-AA0A-4BE9-AD92-C31100D410A5}.Release|Any CPU.Build.0 = Release|Any CPU
		{3B3E2C0A-B409-4C86-AA93-D254EF4717EC}.Debug|Any CPU.ActiveCfg = Debug|Any CPU
		{3B3E2C0A-B409-4C86-AA93-D254EF4717EC}.Debug|Any CPU.Build.0 = Debug|Any CPU
		{3B3E2C0A-B409-4C86-AA93-D254EF4717EC}.Release|Any CPU.ActiveCfg = Release|Any CPU
		{3B3E2C0A-B409-4C86-AA93-D254EF4717EC}.Release|Any CPU.Build.0 = Release|Any CPU
		{A0D3F432-DF70-40DA-A9B3-D6BED53614FD}.Debug|Any CPU.ActiveCfg = Debug|Any CPU
		{A0D3F432-DF70-40DA-A9B3-D6BED53614FD}.Debug|Any CPU.Build.0 = Debug|Any CPU
		{A0D3F432-DF70-40DA-A9B3-D6BED53614FD}.Release|Any CPU.ActiveCfg = Release|Any CPU
		{A0D3F432-DF70-40DA-A9B3-D6BED53614FD}.Release|Any CPU.Build.0 = Release|Any CPU
		{E7520D1D-040D-4ED7-A68E-70738D4052D0}.Debug|Any CPU.ActiveCfg = Debug|Any CPU
		{E7520D1D-040D-4ED7-A68E-70738D4052D0}.Debug|Any CPU.Build.0 = Debug|Any CPU
		{E7520D1D-040D-4ED7-A68E-70738D4052D0}.Release|Any CPU.ActiveCfg = Release|Any CPU
		{E7520D1D-040D-4ED7-A68E-70738D4052D0}.Release|Any CPU.Build.0 = Release|Any CPU
		{293B0526-0827-45F4-BFA1-65973CD54234}.Debug|Any CPU.ActiveCfg = Debug|Any CPU
		{293B0526-0827-45F4-BFA1-65973CD54234}.Debug|Any CPU.Build.0 = Debug|Any CPU
		{293B0526-0827-45F4-BFA1-65973CD54234}.Release|Any CPU.ActiveCfg = Release|Any CPU
		{293B0526-0827-45F4-BFA1-65973CD54234}.Release|Any CPU.Build.0 = Release|Any CPU
		{1E9C4FB4-B47F-4C49-9D3A-A76B034A3EA3}.Debug|Any CPU.ActiveCfg = Debug|Any CPU
		{1E9C4FB4-B47F-4C49-9D3A-A76B034A3EA3}.Debug|Any CPU.Build.0 = Debug|Any CPU
		{1E9C4FB4-B47F-4C49-9D3A-A76B034A3EA3}.Release|Any CPU.ActiveCfg = Release|Any CPU
		{1E9C4FB4-B47F-4C49-9D3A-A76B034A3EA3}.Release|Any CPU.Build.0 = Release|Any CPU
		{D71E5622-2608-448A-ADEB-287FC5714DCB}.Debug|Any CPU.ActiveCfg = Debug|Any CPU
		{D71E5622-2608-448A-ADEB-287FC5714DCB}.Debug|Any CPU.Build.0 = Debug|Any CPU
		{D71E5622-2608-448A-ADEB-287FC5714DCB}.Release|Any CPU.ActiveCfg = Release|Any CPU
		{D71E5622-2608-448A-ADEB-287FC5714DCB}.Release|Any CPU.Build.0 = Release|Any CPU
		{6F3CBFDD-DBB5-446C-8B91-4E0BF818C725}.Debug|Any CPU.ActiveCfg = Debug|Any CPU
		{6F3CBFDD-DBB5-446C-8B91-4E0BF818C725}.Debug|Any CPU.Build.0 = Debug|Any CPU
		{6F3CBFDD-DBB5-446C-8B91-4E0BF818C725}.Release|Any CPU.ActiveCfg = Release|Any CPU
		{6F3CBFDD-DBB5-446C-8B91-4E0BF818C725}.Release|Any CPU.Build.0 = Release|Any CPU
		{C44D834D-3736-4B83-80AF-36F9A6936521}.Debug|Any CPU.ActiveCfg = Debug|Any CPU
		{C44D834D-3736-4B83-80AF-36F9A6936521}.Debug|Any CPU.Build.0 = Debug|Any CPU
		{C44D834D-3736-4B83-80AF-36F9A6936521}.Release|Any CPU.ActiveCfg = Release|Any CPU
		{C44D834D-3736-4B83-80AF-36F9A6936521}.Release|Any CPU.Build.0 = Release|Any CPU
		{5E52F052-F5AB-472B-97AF-EA893606E4DF}.Debug|Any CPU.ActiveCfg = Debug|Any CPU
		{5E52F052-F5AB-472B-97AF-EA893606E4DF}.Debug|Any CPU.Build.0 = Debug|Any CPU
		{5E52F052-F5AB-472B-97AF-EA893606E4DF}.Release|Any CPU.ActiveCfg = Release|Any CPU
		{5E52F052-F5AB-472B-97AF-EA893606E4DF}.Release|Any CPU.Build.0 = Release|Any CPU
		{5F16A0EF-3A7D-4912-BC2A-CB48803C6E66}.Debug|Any CPU.ActiveCfg = Debug|Any CPU
		{5F16A0EF-3A7D-4912-BC2A-CB48803C6E66}.Debug|Any CPU.Build.0 = Debug|Any CPU
		{5F16A0EF-3A7D-4912-BC2A-CB48803C6E66}.Release|Any CPU.ActiveCfg = Release|Any CPU
		{5F16A0EF-3A7D-4912-BC2A-CB48803C6E66}.Release|Any CPU.Build.0 = Release|Any CPU
		{57988B0A-A827-4689-92DB-FF075184C520}.Debug|Any CPU.ActiveCfg = Debug|Any CPU
		{57988B0A-A827-4689-92DB-FF075184C520}.Debug|Any CPU.Build.0 = Debug|Any CPU
		{57988B0A-A827-4689-92DB-FF075184C520}.Release|Any CPU.ActiveCfg = Release|Any CPU
		{57988B0A-A827-4689-92DB-FF075184C520}.Release|Any CPU.Build.0 = Release|Any CPU
		{56FCCD40-BC24-4D77-A373-DA1408DFA475}.Debug|Any CPU.ActiveCfg = Debug|Any CPU
		{56FCCD40-BC24-4D77-A373-DA1408DFA475}.Debug|Any CPU.Build.0 = Debug|Any CPU
		{56FCCD40-BC24-4D77-A373-DA1408DFA475}.Release|Any CPU.ActiveCfg = Release|Any CPU
		{56FCCD40-BC24-4D77-A373-DA1408DFA475}.Release|Any CPU.Build.0 = Release|Any CPU
		{142B3050-76F6-4790-9146-9CA3F1A29CAC}.Debug|Any CPU.ActiveCfg = Debug|Any CPU
		{142B3050-76F6-4790-9146-9CA3F1A29CAC}.Debug|Any CPU.Build.0 = Debug|Any CPU
		{142B3050-76F6-4790-9146-9CA3F1A29CAC}.Release|Any CPU.ActiveCfg = Release|Any CPU
		{142B3050-76F6-4790-9146-9CA3F1A29CAC}.Release|Any CPU.Build.0 = Release|Any CPU
		{58C7DD57-460E-4B0D-8E84-F4443D9F9CBC}.Debug|Any CPU.ActiveCfg = Debug|Any CPU
		{58C7DD57-460E-4B0D-8E84-F4443D9F9CBC}.Debug|Any CPU.Build.0 = Debug|Any CPU
		{58C7DD57-460E-4B0D-8E84-F4443D9F9CBC}.Release|Any CPU.ActiveCfg = Release|Any CPU
		{58C7DD57-460E-4B0D-8E84-F4443D9F9CBC}.Release|Any CPU.Build.0 = Release|Any CPU
		{6F27A026-4B88-4226-BFA6-0A721FB95CF8}.Debug|Any CPU.ActiveCfg = Debug|Any CPU
		{6F27A026-4B88-4226-BFA6-0A721FB95CF8}.Debug|Any CPU.Build.0 = Debug|Any CPU
		{6F27A026-4B88-4226-BFA6-0A721FB95CF8}.Release|Any CPU.ActiveCfg = Release|Any CPU
		{6F27A026-4B88-4226-BFA6-0A721FB95CF8}.Release|Any CPU.Build.0 = Release|Any CPU
		{794C230A-90B7-48F7-BC5B-160058FFD530}.Debug|Any CPU.ActiveCfg = Debug|Any CPU
		{794C230A-90B7-48F7-BC5B-160058FFD530}.Debug|Any CPU.Build.0 = Debug|Any CPU
		{794C230A-90B7-48F7-BC5B-160058FFD530}.Release|Any CPU.ActiveCfg = Release|Any CPU
		{794C230A-90B7-48F7-BC5B-160058FFD530}.Release|Any CPU.Build.0 = Release|Any CPU
		{42513A49-DB82-4F26-87B3-F4F4AFFCAC70}.Debug|Any CPU.ActiveCfg = Debug|Any CPU
		{42513A49-DB82-4F26-87B3-F4F4AFFCAC70}.Debug|Any CPU.Build.0 = Debug|Any CPU
		{42513A49-DB82-4F26-87B3-F4F4AFFCAC70}.Release|Any CPU.ActiveCfg = Release|Any CPU
		{42513A49-DB82-4F26-87B3-F4F4AFFCAC70}.Release|Any CPU.Build.0 = Release|Any CPU
		{189643DE-C807-4CB3-909A-DCE2E11F2715}.Debug|Any CPU.ActiveCfg = Debug|Any CPU
		{189643DE-C807-4CB3-909A-DCE2E11F2715}.Debug|Any CPU.Build.0 = Debug|Any CPU
		{189643DE-C807-4CB3-909A-DCE2E11F2715}.Release|Any CPU.ActiveCfg = Release|Any CPU
		{189643DE-C807-4CB3-909A-DCE2E11F2715}.Release|Any CPU.Build.0 = Release|Any CPU
		{FBFFB86B-ABB0-4413-8B95-B1F9EA7F7E96}.Debug|Any CPU.ActiveCfg = Debug|Any CPU
		{FBFFB86B-ABB0-4413-8B95-B1F9EA7F7E96}.Debug|Any CPU.Build.0 = Debug|Any CPU
		{FBFFB86B-ABB0-4413-8B95-B1F9EA7F7E96}.Release|Any CPU.ActiveCfg = Release|Any CPU
		{FBFFB86B-ABB0-4413-8B95-B1F9EA7F7E96}.Release|Any CPU.Build.0 = Release|Any CPU
		{2214BACB-638D-4E99-A4E2-C4F59E49E2A7}.Debug|Any CPU.ActiveCfg = Debug|Any CPU
		{2214BACB-638D-4E99-A4E2-C4F59E49E2A7}.Debug|Any CPU.Build.0 = Debug|Any CPU
		{2214BACB-638D-4E99-A4E2-C4F59E49E2A7}.Release|Any CPU.ActiveCfg = Release|Any CPU
		{2214BACB-638D-4E99-A4E2-C4F59E49E2A7}.Release|Any CPU.Build.0 = Release|Any CPU
		{865EFBA6-2B15-45DF-829F-DF937EB1239C}.Debug|Any CPU.ActiveCfg = Debug|Any CPU
		{865EFBA6-2B15-45DF-829F-DF937EB1239C}.Debug|Any CPU.Build.0 = Debug|Any CPU
		{865EFBA6-2B15-45DF-829F-DF937EB1239C}.Release|Any CPU.ActiveCfg = Release|Any CPU
		{865EFBA6-2B15-45DF-829F-DF937EB1239C}.Release|Any CPU.Build.0 = Release|Any CPU
		{CD4FC280-6518-44AE-A18B-A9375C40953F}.Debug|Any CPU.ActiveCfg = Debug|Any CPU
		{CD4FC280-6518-44AE-A18B-A9375C40953F}.Debug|Any CPU.Build.0 = Debug|Any CPU
		{CD4FC280-6518-44AE-A18B-A9375C40953F}.Release|Any CPU.ActiveCfg = Release|Any CPU
		{CD4FC280-6518-44AE-A18B-A9375C40953F}.Release|Any CPU.Build.0 = Release|Any CPU
		{8BD36D38-7F4E-40A4-B988-354795131B97}.Debug|Any CPU.ActiveCfg = Debug|Any CPU
		{8BD36D38-7F4E-40A4-B988-354795131B97}.Debug|Any CPU.Build.0 = Debug|Any CPU
		{8BD36D38-7F4E-40A4-B988-354795131B97}.Release|Any CPU.ActiveCfg = Release|Any CPU
		{8BD36D38-7F4E-40A4-B988-354795131B97}.Release|Any CPU.Build.0 = Release|Any CPU
		{0A610924-5A55-4565-B5D0-52197D785D77}.Debug|Any CPU.ActiveCfg = Debug|Any CPU
		{0A610924-5A55-4565-B5D0-52197D785D77}.Debug|Any CPU.Build.0 = Debug|Any CPU
		{0A610924-5A55-4565-B5D0-52197D785D77}.Release|Any CPU.ActiveCfg = Release|Any CPU
		{0A610924-5A55-4565-B5D0-52197D785D77}.Release|Any CPU.Build.0 = Release|Any CPU
		{45AA6EE1-B8E6-4727-ACBE-7340AB12935F}.Debug|Any CPU.ActiveCfg = Debug|Any CPU
		{45AA6EE1-B8E6-4727-ACBE-7340AB12935F}.Debug|Any CPU.Build.0 = Debug|Any CPU
		{45AA6EE1-B8E6-4727-ACBE-7340AB12935F}.Release|Any CPU.ActiveCfg = Release|Any CPU
		{45AA6EE1-B8E6-4727-ACBE-7340AB12935F}.Release|Any CPU.Build.0 = Release|Any CPU
		{B29981C8-FA13-4309-8519-5AB4F8D1F191}.Debug|Any CPU.ActiveCfg = Debug|Any CPU
		{B29981C8-FA13-4309-8519-5AB4F8D1F191}.Debug|Any CPU.Build.0 = Debug|Any CPU
		{B29981C8-FA13-4309-8519-5AB4F8D1F191}.Release|Any CPU.ActiveCfg = Release|Any CPU
		{B29981C8-FA13-4309-8519-5AB4F8D1F191}.Release|Any CPU.Build.0 = Release|Any CPU
		{2FB5A427-8FD6-4293-A617-FC3842E5EDC8}.Debug|Any CPU.ActiveCfg = Debug|Any CPU
		{2FB5A427-8FD6-4293-A617-FC3842E5EDC8}.Debug|Any CPU.Build.0 = Debug|Any CPU
		{2FB5A427-8FD6-4293-A617-FC3842E5EDC8}.Release|Any CPU.ActiveCfg = Release|Any CPU
		{2FB5A427-8FD6-4293-A617-FC3842E5EDC8}.Release|Any CPU.Build.0 = Release|Any CPU
		{1ECAEF45-6A5A-458F-BB3F-395E19912500}.Debug|Any CPU.ActiveCfg = Debug|Any CPU
		{1ECAEF45-6A5A-458F-BB3F-395E19912500}.Debug|Any CPU.Build.0 = Debug|Any CPU
		{1ECAEF45-6A5A-458F-BB3F-395E19912500}.Release|Any CPU.ActiveCfg = Release|Any CPU
		{1ECAEF45-6A5A-458F-BB3F-395E19912500}.Release|Any CPU.Build.0 = Release|Any CPU
		{424D203F-E7DF-4044-B4CB-9123FF8C9762}.Debug|Any CPU.ActiveCfg = Debug|Any CPU
		{424D203F-E7DF-4044-B4CB-9123FF8C9762}.Debug|Any CPU.Build.0 = Debug|Any CPU
		{424D203F-E7DF-4044-B4CB-9123FF8C9762}.Release|Any CPU.ActiveCfg = Release|Any CPU
		{424D203F-E7DF-4044-B4CB-9123FF8C9762}.Release|Any CPU.Build.0 = Release|Any CPU
		{ADF04CDE-95B4-4AD4-BA7D-13EF598F3ECF}.Debug|Any CPU.ActiveCfg = Debug|Any CPU
		{ADF04CDE-95B4-4AD4-BA7D-13EF598F3ECF}.Debug|Any CPU.Build.0 = Debug|Any CPU
		{ADF04CDE-95B4-4AD4-BA7D-13EF598F3ECF}.Release|Any CPU.ActiveCfg = Release|Any CPU
		{ADF04CDE-95B4-4AD4-BA7D-13EF598F3ECF}.Release|Any CPU.Build.0 = Release|Any CPU
		{C4D9E81B-3DD4-47E5-A818-0FF6AFE6A536}.Debug|Any CPU.ActiveCfg = Debug|Any CPU
		{C4D9E81B-3DD4-47E5-A818-0FF6AFE6A536}.Debug|Any CPU.Build.0 = Debug|Any CPU
		{C4D9E81B-3DD4-47E5-A818-0FF6AFE6A536}.Release|Any CPU.ActiveCfg = Release|Any CPU
		{C4D9E81B-3DD4-47E5-A818-0FF6AFE6A536}.Release|Any CPU.Build.0 = Release|Any CPU
		{8FE839E6-17B1-43E0-BA9E-BEF591A17507}.Debug|Any CPU.ActiveCfg = Debug|Any CPU
		{8FE839E6-17B1-43E0-BA9E-BEF591A17507}.Debug|Any CPU.Build.0 = Debug|Any CPU
		{8FE839E6-17B1-43E0-BA9E-BEF591A17507}.Release|Any CPU.ActiveCfg = Release|Any CPU
		{8FE839E6-17B1-43E0-BA9E-BEF591A17507}.Release|Any CPU.Build.0 = Release|Any CPU
		{6E46A0AE-DC8D-4E30-B6D5-13219E6D1E88}.Debug|Any CPU.ActiveCfg = Debug|Any CPU
		{6E46A0AE-DC8D-4E30-B6D5-13219E6D1E88}.Debug|Any CPU.Build.0 = Debug|Any CPU
		{6E46A0AE-DC8D-4E30-B6D5-13219E6D1E88}.Release|Any CPU.ActiveCfg = Release|Any CPU
		{6E46A0AE-DC8D-4E30-B6D5-13219E6D1E88}.Release|Any CPU.Build.0 = Release|Any CPU
		{CD2AE3E6-8B2E-4E0B-A0D4-14804577EBFE}.Debug|Any CPU.ActiveCfg = Debug|Any CPU
		{CD2AE3E6-8B2E-4E0B-A0D4-14804577EBFE}.Debug|Any CPU.Build.0 = Debug|Any CPU
		{CD2AE3E6-8B2E-4E0B-A0D4-14804577EBFE}.Release|Any CPU.ActiveCfg = Release|Any CPU
		{CD2AE3E6-8B2E-4E0B-A0D4-14804577EBFE}.Release|Any CPU.Build.0 = Release|Any CPU
		{C205949E-D37B-479C-B536-DEC42E2F915E}.Debug|Any CPU.ActiveCfg = Debug|Any CPU
		{C205949E-D37B-479C-B536-DEC42E2F915E}.Debug|Any CPU.Build.0 = Debug|Any CPU
		{C205949E-D37B-479C-B536-DEC42E2F915E}.Release|Any CPU.ActiveCfg = Release|Any CPU
		{C205949E-D37B-479C-B536-DEC42E2F915E}.Release|Any CPU.Build.0 = Release|Any CPU
		{291B0C1D-0A08-4C17-8DD5-1697D9067865}.Debug|Any CPU.ActiveCfg = Debug|Any CPU
		{291B0C1D-0A08-4C17-8DD5-1697D9067865}.Debug|Any CPU.Build.0 = Debug|Any CPU
		{291B0C1D-0A08-4C17-8DD5-1697D9067865}.Release|Any CPU.ActiveCfg = Release|Any CPU
		{291B0C1D-0A08-4C17-8DD5-1697D9067865}.Release|Any CPU.Build.0 = Release|Any CPU
		{2432506B-81DB-4AD7-9688-64A1DF68FBB4}.Debug|Any CPU.ActiveCfg = Debug|Any CPU
		{2432506B-81DB-4AD7-9688-64A1DF68FBB4}.Debug|Any CPU.Build.0 = Debug|Any CPU
		{2432506B-81DB-4AD7-9688-64A1DF68FBB4}.Release|Any CPU.ActiveCfg = Release|Any CPU
		{2432506B-81DB-4AD7-9688-64A1DF68FBB4}.Release|Any CPU.Build.0 = Release|Any CPU
		{6660DFA9-0126-40BD-9AB0-555F649C146D}.Debug|Any CPU.ActiveCfg = Debug|Any CPU
		{6660DFA9-0126-40BD-9AB0-555F649C146D}.Debug|Any CPU.Build.0 = Debug|Any CPU
		{6660DFA9-0126-40BD-9AB0-555F649C146D}.Release|Any CPU.ActiveCfg = Release|Any CPU
		{6660DFA9-0126-40BD-9AB0-555F649C146D}.Release|Any CPU.Build.0 = Release|Any CPU
		{28F57341-76AC-4F58-BEC3-7C3E4D3F10EA}.Debug|Any CPU.ActiveCfg = Debug|Any CPU
		{28F57341-76AC-4F58-BEC3-7C3E4D3F10EA}.Debug|Any CPU.Build.0 = Debug|Any CPU
		{28F57341-76AC-4F58-BEC3-7C3E4D3F10EA}.Release|Any CPU.ActiveCfg = Release|Any CPU
		{28F57341-76AC-4F58-BEC3-7C3E4D3F10EA}.Release|Any CPU.Build.0 = Release|Any CPU
		{35C5E058-EEAF-4257-8F6D-62B78FA3A5FF}.Debug|Any CPU.ActiveCfg = Debug|Any CPU
		{35C5E058-EEAF-4257-8F6D-62B78FA3A5FF}.Debug|Any CPU.Build.0 = Debug|Any CPU
		{35C5E058-EEAF-4257-8F6D-62B78FA3A5FF}.Release|Any CPU.ActiveCfg = Release|Any CPU
		{35C5E058-EEAF-4257-8F6D-62B78FA3A5FF}.Release|Any CPU.Build.0 = Release|Any CPU
		{639F42C8-3A30-4AF6-B35C-35C7CF956F39}.Debug|Any CPU.ActiveCfg = Debug|Any CPU
		{639F42C8-3A30-4AF6-B35C-35C7CF956F39}.Debug|Any CPU.Build.0 = Debug|Any CPU
		{639F42C8-3A30-4AF6-B35C-35C7CF956F39}.Release|Any CPU.ActiveCfg = Release|Any CPU
		{639F42C8-3A30-4AF6-B35C-35C7CF956F39}.Release|Any CPU.Build.0 = Release|Any CPU
		{57E63619-607C-4100-9AB9-47F23BD96DB6}.Debug|Any CPU.ActiveCfg = Debug|Any CPU
		{57E63619-607C-4100-9AB9-47F23BD96DB6}.Debug|Any CPU.Build.0 = Debug|Any CPU
		{57E63619-607C-4100-9AB9-47F23BD96DB6}.Release|Any CPU.ActiveCfg = Release|Any CPU
		{57E63619-607C-4100-9AB9-47F23BD96DB6}.Release|Any CPU.Build.0 = Release|Any CPU
		{AE31F648-D2CB-4C0D-9083-B3CB34DC15B7}.Debug|Any CPU.ActiveCfg = Debug|Any CPU
		{AE31F648-D2CB-4C0D-9083-B3CB34DC15B7}.Debug|Any CPU.Build.0 = Debug|Any CPU
		{AE31F648-D2CB-4C0D-9083-B3CB34DC15B7}.Release|Any CPU.ActiveCfg = Release|Any CPU
		{AE31F648-D2CB-4C0D-9083-B3CB34DC15B7}.Release|Any CPU.Build.0 = Release|Any CPU
		{EDF952B5-8F4B-423E-AE56-2F5453736B68}.Debug|Any CPU.ActiveCfg = Debug|Any CPU
		{EDF952B5-8F4B-423E-AE56-2F5453736B68}.Debug|Any CPU.Build.0 = Debug|Any CPU
		{EDF952B5-8F4B-423E-AE56-2F5453736B68}.Release|Any CPU.ActiveCfg = Release|Any CPU
		{EDF952B5-8F4B-423E-AE56-2F5453736B68}.Release|Any CPU.Build.0 = Release|Any CPU
		{FB7BD0A3-B742-40E4-BF44-95C84D4FFD90}.Debug|Any CPU.ActiveCfg = Debug|Any CPU
		{FB7BD0A3-B742-40E4-BF44-95C84D4FFD90}.Debug|Any CPU.Build.0 = Debug|Any CPU
		{FB7BD0A3-B742-40E4-BF44-95C84D4FFD90}.Release|Any CPU.ActiveCfg = Release|Any CPU
		{FB7BD0A3-B742-40E4-BF44-95C84D4FFD90}.Release|Any CPU.Build.0 = Release|Any CPU
		{2ECB1B35-B264-41B6-A216-32BD6EDE6221}.Debug|Any CPU.ActiveCfg = Debug|Any CPU
		{2ECB1B35-B264-41B6-A216-32BD6EDE6221}.Debug|Any CPU.Build.0 = Debug|Any CPU
		{2ECB1B35-B264-41B6-A216-32BD6EDE6221}.Release|Any CPU.ActiveCfg = Release|Any CPU
		{2ECB1B35-B264-41B6-A216-32BD6EDE6221}.Release|Any CPU.Build.0 = Release|Any CPU
		{36E94808-2E68-4962-8AEC-ED0E6C53FD50}.Debug|Any CPU.ActiveCfg = Debug|Any CPU
		{36E94808-2E68-4962-8AEC-ED0E6C53FD50}.Debug|Any CPU.Build.0 = Debug|Any CPU
		{36E94808-2E68-4962-8AEC-ED0E6C53FD50}.Release|Any CPU.ActiveCfg = Release|Any CPU
		{36E94808-2E68-4962-8AEC-ED0E6C53FD50}.Release|Any CPU.Build.0 = Release|Any CPU
		{D77C9597-8F73-4E88-B277-4630BC97A8DC}.Debug|Any CPU.ActiveCfg = Debug|Any CPU
		{D77C9597-8F73-4E88-B277-4630BC97A8DC}.Debug|Any CPU.Build.0 = Debug|Any CPU
		{D77C9597-8F73-4E88-B277-4630BC97A8DC}.Release|Any CPU.ActiveCfg = Release|Any CPU
		{D77C9597-8F73-4E88-B277-4630BC97A8DC}.Release|Any CPU.Build.0 = Release|Any CPU
		{50BA0CA6-AFE7-4814-A453-CC2D93C8993E}.Debug|Any CPU.ActiveCfg = Debug|Any CPU
		{50BA0CA6-AFE7-4814-A453-CC2D93C8993E}.Debug|Any CPU.Build.0 = Debug|Any CPU
		{50BA0CA6-AFE7-4814-A453-CC2D93C8993E}.Release|Any CPU.ActiveCfg = Release|Any CPU
		{50BA0CA6-AFE7-4814-A453-CC2D93C8993E}.Release|Any CPU.Build.0 = Release|Any CPU
		{258B6795-B6CE-4328-B86C-EB5FC620C074}.Debug|Any CPU.ActiveCfg = Debug|Any CPU
		{258B6795-B6CE-4328-B86C-EB5FC620C074}.Debug|Any CPU.Build.0 = Debug|Any CPU
		{258B6795-B6CE-4328-B86C-EB5FC620C074}.Release|Any CPU.ActiveCfg = Release|Any CPU
		{258B6795-B6CE-4328-B86C-EB5FC620C074}.Release|Any CPU.Build.0 = Release|Any CPU
	EndGlobalSection
	GlobalSection(SolutionProperties) = preSolution
		HideSolutionNode = FALSE
	EndGlobalSection
	GlobalSection(NestedProjects) = preSolution
		{901EAB51-ECC3-4F20-8BCB-834156F8968B} = {A17395C1-5BA6-48F7-813A-14AC0F0FDC36}
		{61BE72DB-A13C-4436-8F67-2D57FC6E1925} = {A17395C1-5BA6-48F7-813A-14AC0F0FDC36}
		{E37FE9D5-3CAB-42F4-9195-207359C89731} = {A17395C1-5BA6-48F7-813A-14AC0F0FDC36}
		{49EC01C2-2416-49FC-8DC6-D1D651CDC591} = {A17395C1-5BA6-48F7-813A-14AC0F0FDC36}
		{8DDBDD65-80C5-4493-B53E-F456E2667638} = {A17395C1-5BA6-48F7-813A-14AC0F0FDC36}
		{835E003C-3AB6-406C-A265-642016C5B52B} = {A17395C1-5BA6-48F7-813A-14AC0F0FDC36}
		{68409448-71DD-45AD-A31A-AAEEB4C8A93B} = {A17395C1-5BA6-48F7-813A-14AC0F0FDC36}
		{67257BEA-C153-4DEB-B456-3AC1F4A3E51E} = {A17395C1-5BA6-48F7-813A-14AC0F0FDC36}
		{467C4AE9-20C5-40BB-9D44-1639A7D87879} = {A17395C1-5BA6-48F7-813A-14AC0F0FDC36}
		{90B68AD6-AA0A-4BE9-AD92-C31100D410A5} = {A17395C1-5BA6-48F7-813A-14AC0F0FDC36}
		{3B3E2C0A-B409-4C86-AA93-D254EF4717EC} = {A17395C1-5BA6-48F7-813A-14AC0F0FDC36}
		{A0D3F432-DF70-40DA-A9B3-D6BED53614FD} = {A17395C1-5BA6-48F7-813A-14AC0F0FDC36}
		{E7520D1D-040D-4ED7-A68E-70738D4052D0} = {A17395C1-5BA6-48F7-813A-14AC0F0FDC36}
		{293B0526-0827-45F4-BFA1-65973CD54234} = {A17395C1-5BA6-48F7-813A-14AC0F0FDC36}
		{1E9C4FB4-B47F-4C49-9D3A-A76B034A3EA3} = {A17395C1-5BA6-48F7-813A-14AC0F0FDC36}
		{D71E5622-2608-448A-ADEB-287FC5714DCB} = {A17395C1-5BA6-48F7-813A-14AC0F0FDC36}
		{6F3CBFDD-DBB5-446C-8B91-4E0BF818C725} = {A17395C1-5BA6-48F7-813A-14AC0F0FDC36}
		{C44D834D-3736-4B83-80AF-36F9A6936521} = {A17395C1-5BA6-48F7-813A-14AC0F0FDC36}
		{5E52F052-F5AB-472B-97AF-EA893606E4DF} = {A17395C1-5BA6-48F7-813A-14AC0F0FDC36}
		{5F16A0EF-3A7D-4912-BC2A-CB48803C6E66} = {A17395C1-5BA6-48F7-813A-14AC0F0FDC36}
		{57988B0A-A827-4689-92DB-FF075184C520} = {A17395C1-5BA6-48F7-813A-14AC0F0FDC36}
		{56FCCD40-BC24-4D77-A373-DA1408DFA475} = {A17395C1-5BA6-48F7-813A-14AC0F0FDC36}
		{142B3050-76F6-4790-9146-9CA3F1A29CAC} = {A17395C1-5BA6-48F7-813A-14AC0F0FDC36}
		{58C7DD57-460E-4B0D-8E84-F4443D9F9CBC} = {A17395C1-5BA6-48F7-813A-14AC0F0FDC36}
		{6F27A026-4B88-4226-BFA6-0A721FB95CF8} = {A17395C1-5BA6-48F7-813A-14AC0F0FDC36}
		{794C230A-90B7-48F7-BC5B-160058FFD530} = {A17395C1-5BA6-48F7-813A-14AC0F0FDC36}
		{42513A49-DB82-4F26-87B3-F4F4AFFCAC70} = {A17395C1-5BA6-48F7-813A-14AC0F0FDC36}
		{189643DE-C807-4CB3-909A-DCE2E11F2715} = {A17395C1-5BA6-48F7-813A-14AC0F0FDC36}
		{FBFFB86B-ABB0-4413-8B95-B1F9EA7F7E96} = {A17395C1-5BA6-48F7-813A-14AC0F0FDC36}
		{2214BACB-638D-4E99-A4E2-C4F59E49E2A7} = {A17395C1-5BA6-48F7-813A-14AC0F0FDC36}
		{865EFBA6-2B15-45DF-829F-DF937EB1239C} = {A17395C1-5BA6-48F7-813A-14AC0F0FDC36}
		{CD4FC280-6518-44AE-A18B-A9375C40953F} = {A17395C1-5BA6-48F7-813A-14AC0F0FDC36}
		{8BD36D38-7F4E-40A4-B988-354795131B97} = {A17395C1-5BA6-48F7-813A-14AC0F0FDC36}
		{0A610924-5A55-4565-B5D0-52197D785D77} = {A17395C1-5BA6-48F7-813A-14AC0F0FDC36}
		{45AA6EE1-B8E6-4727-ACBE-7340AB12935F} = {381813E0-8C89-494C-BD00-58C7C0BF3EF8}
		{B29981C8-FA13-4309-8519-5AB4F8D1F191} = {381813E0-8C89-494C-BD00-58C7C0BF3EF8}
		{2FB5A427-8FD6-4293-A617-FC3842E5EDC8} = {381813E0-8C89-494C-BD00-58C7C0BF3EF8}
		{1ECAEF45-6A5A-458F-BB3F-395E19912500} = {381813E0-8C89-494C-BD00-58C7C0BF3EF8}
		{424D203F-E7DF-4044-B4CB-9123FF8C9762} = {381813E0-8C89-494C-BD00-58C7C0BF3EF8}
		{ADF04CDE-95B4-4AD4-BA7D-13EF598F3ECF} = {381813E0-8C89-494C-BD00-58C7C0BF3EF8}
		{C4D9E81B-3DD4-47E5-A818-0FF6AFE6A536} = {381813E0-8C89-494C-BD00-58C7C0BF3EF8}
		{8FE839E6-17B1-43E0-BA9E-BEF591A17507} = {381813E0-8C89-494C-BD00-58C7C0BF3EF8}
		{6E46A0AE-DC8D-4E30-B6D5-13219E6D1E88} = {381813E0-8C89-494C-BD00-58C7C0BF3EF8}
		{CD2AE3E6-8B2E-4E0B-A0D4-14804577EBFE} = {381813E0-8C89-494C-BD00-58C7C0BF3EF8}
		{C205949E-D37B-479C-B536-DEC42E2F915E} = {381813E0-8C89-494C-BD00-58C7C0BF3EF8}
		{291B0C1D-0A08-4C17-8DD5-1697D9067865} = {BD001E54-138C-483A-B83B-DB754C693873}
		{2432506B-81DB-4AD7-9688-64A1DF68FBB4} = {BD001E54-138C-483A-B83B-DB754C693873}
		{6660DFA9-0126-40BD-9AB0-555F649C146D} = {BD001E54-138C-483A-B83B-DB754C693873}
		{28F57341-76AC-4F58-BEC3-7C3E4D3F10EA} = {BD001E54-138C-483A-B83B-DB754C693873}
		{35C5E058-EEAF-4257-8F6D-62B78FA3A5FF} = {BD001E54-138C-483A-B83B-DB754C693873}
		{639F42C8-3A30-4AF6-B35C-35C7CF956F39} = {BD001E54-138C-483A-B83B-DB754C693873}
		{57E63619-607C-4100-9AB9-47F23BD96DB6} = {5C6ACBDF-B4B7-4AFD-B043-B83D3206E060}
		{AE31F648-D2CB-4C0D-9083-B3CB34DC15B7} = {C1AAA2E8-72CC-4443-A687-BF6FB5D85849}
		{EDF952B5-8F4B-423E-AE56-2F5453736B68} = {9B4798B3-2E05-4B45-992A-AA2C5CADFDCF}
		{FB7BD0A3-B742-40E4-BF44-95C84D4FFD90} = {9B4798B3-2E05-4B45-992A-AA2C5CADFDCF}
		{2ECB1B35-B264-41B6-A216-32BD6EDE6221} = {9B4798B3-2E05-4B45-992A-AA2C5CADFDCF}
		{36E94808-2E68-4962-8AEC-ED0E6C53FD50} = {FF320DDF-3CF5-4AD1-B8C6-CB1B5AE268A3}
		{D77C9597-8F73-4E88-B277-4630BC97A8DC} = {A3DE1A6C-9CBB-4102-B556-97BBA903B6D9}
		{50BA0CA6-AFE7-4814-A453-CC2D93C8993E} = {A3DE1A6C-9CBB-4102-B556-97BBA903B6D9}
		{258B6795-B6CE-4328-B86C-EB5FC620C074} = {A3DE1A6C-9CBB-4102-B556-97BBA903B6D9}
	EndGlobalSection
	GlobalSection(ExtensibilityGlobals) = postSolution
		SolutionGuid = {9F568ABF-033D-4D7F-A0F4-DBFED6B59DBB}
	EndGlobalSection
EndGlobal
