
Microsoft Visual Studio Solution File, Format Version 12.00
# Visual Studio 15
VisualStudioVersion = 15.0.27130.2027
MinimumVisualStudioVersion = 10.0.40219.1
Project("{2150E333-8FDC-42A3-9474-1A3956D46DE8}") = "Objective.1.01", "Objective.1.01", "{A17395C1-5BA6-48F7-813A-14AC0F0FDC36}"
EndProject
Project("{9A19103F-16F7-4668-BE54-9A1E7A4F7556}") = "Listing.1.01", "Objective.1.1\Listing.1.01\Listing.1.01.csproj", "{901EAB51-ECC3-4F20-8BCB-834156F8968B}"
EndProject
Project("{9A19103F-16F7-4668-BE54-9A1E7A4F7556}") = "Listing.1.02", "Objective.1.1\Listing.1.02\Listing.1.02.csproj", "{61BE72DB-A13C-4436-8F67-2D57FC6E1925}"
EndProject
Project("{9A19103F-16F7-4668-BE54-9A1E7A4F7556}") = "Listing.1.03", "Objective.1.1\Listing.1.03\Listing.1.03.csproj", "{E37FE9D5-3CAB-42F4-9195-207359C89731}"
EndProject
Project("{9A19103F-16F7-4668-BE54-9A1E7A4F7556}") = "Listing.1.04", "Objective.1.1\Listing.1.04\Listing.1.04.csproj", "{49EC01C2-2416-49FC-8DC6-D1D651CDC591}"
EndProject
Project("{9A19103F-16F7-4668-BE54-9A1E7A4F7556}") = "Listing.1.05", "Objective.1.1\Listing.1.05\Listing.1.05.csproj", "{8DDBDD65-80C5-4493-B53E-F456E2667638}"
EndProject
Project("{9A19103F-16F7-4668-BE54-9A1E7A4F7556}") = "Listing.1.06", "Objective.1.1\Listing.1.06\Listing.1.06.csproj", "{835E003C-3AB6-406C-A265-642016C5B52B}"
EndProject
Project("{9A19103F-16F7-4668-BE54-9A1E7A4F7556}") = "Listing.1.07", "Objective.1.1\Listing.1.07\Listing.1.07.csproj", "{68409448-71DD-45AD-A31A-AAEEB4C8A93B}"
EndProject
Project("{9A19103F-16F7-4668-BE54-9A1E7A4F7556}") = "Listing.1.08", "Objective.1.1\Listing.1.08\Listing.1.08.csproj", "{67257BEA-C153-4DEB-B456-3AC1F4A3E51E}"
EndProject
Project("{9A19103F-16F7-4668-BE54-9A1E7A4F7556}") = "Listing.1.09", "Objective.1.1\Listing.1.09\Listing.1.09.csproj", "{467C4AE9-20C5-40BB-9D44-1639A7D87879}"
EndProject
Project("{9A19103F-16F7-4668-BE54-9A1E7A4F7556}") = "Listing.1.10", "Objective.1.1\Listing.1.10\Listing.1.10.csproj", "{90B68AD6-AA0A-4BE9-AD92-C31100D410A5}"
EndProject
Project("{9A19103F-16F7-4668-BE54-9A1E7A4F7556}") = "Listing.1.11", "Objective.1.1\Listing.1.11\Listing.1.11.csproj", "{3B3E2C0A-B409-4C86-AA93-D254EF4717EC}"
EndProject
Project("{9A19103F-16F7-4668-BE54-9A1E7A4F7556}") = "Listing.1.12", "Objective.1.1\Listing.1.12\Listing.1.12.csproj", "{A0D3F432-DF70-40DA-A9B3-D6BED53614FD}"
EndProject
Project("{9A19103F-16F7-4668-BE54-9A1E7A4F7556}") = "Listing.1.13", "Objective.1.1\Listing.1.13\Listing.1.13.csproj", "{E7520D1D-040D-4ED7-A68E-70738D4052D0}"
EndProject
Project("{9A19103F-16F7-4668-BE54-9A1E7A4F7556}") = "Listing.1.14", "Objective.1.1\Listing.1.14\Listing.1.14.csproj", "{293B0526-0827-45F4-BFA1-65973CD54234}"
EndProject
Project("{9A19103F-16F7-4668-BE54-9A1E7A4F7556}") = "Listing.1.15", "Objective.1.1\Listing.1.15\Listing.1.15.csproj", "{1E9C4FB4-B47F-4C49-9D3A-A76B034A3EA3}"
EndProject
Project("{9A19103F-16F7-4668-BE54-9A1E7A4F7556}") = "Listing.1.16", "Objective.1.1\Listing.1.16\Listing.1.16.csproj", "{D71E5622-2608-448A-ADEB-287FC5714DCB}"
EndProject
Project("{9A19103F-16F7-4668-BE54-9A1E7A4F7556}") = "Listing.1.17", "Objective.1.1\Listing.1.17\Listing.1.17.csproj", "{6F3CBFDD-DBB5-446C-8B91-4E0BF818C725}"
EndProject
Project("{9A19103F-16F7-4668-BE54-9A1E7A4F7556}") = "Listing.1.18", "Objective.1.1\Listing.1.18\Listing.1.18.csproj", "{C44D834D-3736-4B83-80AF-36F9A6936521}"
EndProject
Project("{FAE04EC0-301F-11D3-BF4B-00C04F79EFBC}") = "Listing.1.19", "Objective.1.1\Listing.1.19\Listing.1.19.csproj", "{5E52F052-F5AB-472B-97AF-EA893606E4DF}"
EndProject
Project("{FAE04EC0-301F-11D3-BF4B-00C04F79EFBC}") = "Listing.1.20", "Listing.1.20\Listing.1.20.csproj", "{5F16A0EF-3A7D-4912-BC2A-CB48803C6E66}"
EndProject
Project("{FAE04EC0-301F-11D3-BF4B-00C04F79EFBC}") = "Listing.1.21", "Listing.1.21\Listing.1.21.csproj", "{57988B0A-A827-4689-92DB-FF075184C520}"
EndProject
Project("{FAE04EC0-301F-11D3-BF4B-00C04F79EFBC}") = "Listing.1.22", "Listing.1.22\Listing.1.22.csproj", "{56FCCD40-BC24-4D77-A373-DA1408DFA475}"
EndProject
Project("{FAE04EC0-301F-11D3-BF4B-00C04F79EFBC}") = "Listing.1.23", "Listing.1.23\Listing.1.23.csproj", "{142B3050-76F6-4790-9146-9CA3F1A29CAC}"
EndProject
Project("{FAE04EC0-301F-11D3-BF4B-00C04F79EFBC}") = "Listing.1.24", "Listing.1.24\Listing.1.24.csproj", "{58C7DD57-460E-4B0D-8E84-F4443D9F9CBC}"
EndProject
Project("{FAE04EC0-301F-11D3-BF4B-00C04F79EFBC}") = "Listing.1.25", "Listing.1.25\Listing.1.25.csproj", "{6F27A026-4B88-4226-BFA6-0A721FB95CF8}"
EndProject
Project("{FAE04EC0-301F-11D3-BF4B-00C04F79EFBC}") = "Listing.1.26", "Listing.1.26\Listing.1.26.csproj", "{794C230A-90B7-48F7-BC5B-160058FFD530}"
EndProject
Project("{FAE04EC0-301F-11D3-BF4B-00C04F79EFBC}") = "Listing.1.27", "Listing.1.27\Listing.1.27.csproj", "{42513A49-DB82-4F26-87B3-F4F4AFFCAC70}"
EndProject
Global
	GlobalSection(SolutionConfigurationPlatforms) = preSolution
		Debug|Any CPU = Debug|Any CPU
		Release|Any CPU = Release|Any CPU
	EndGlobalSection
	GlobalSection(ProjectConfigurationPlatforms) = postSolution
		{901EAB51-ECC3-4F20-8BCB-834156F8968B}.Debug|Any CPU.ActiveCfg = Debug|Any CPU
		{901EAB51-ECC3-4F20-8BCB-834156F8968B}.Debug|Any CPU.Build.0 = Debug|Any CPU
		{901EAB51-ECC3-4F20-8BCB-834156F8968B}.Release|Any CPU.ActiveCfg = Release|Any CPU
		{901EAB51-ECC3-4F20-8BCB-834156F8968B}.Release|Any CPU.Build.0 = Release|Any CPU
		{61BE72DB-A13C-4436-8F67-2D57FC6E1925}.Debug|Any CPU.ActiveCfg = Debug|Any CPU
		{61BE72DB-A13C-4436-8F67-2D57FC6E1925}.Debug|Any CPU.Build.0 = Debug|Any CPU
		{61BE72DB-A13C-4436-8F67-2D57FC6E1925}.Release|Any CPU.ActiveCfg = Release|Any CPU
		{61BE72DB-A13C-4436-8F67-2D57FC6E1925}.Release|Any CPU.Build.0 = Release|Any CPU
		{E37FE9D5-3CAB-42F4-9195-207359C89731}.Debug|Any CPU.ActiveCfg = Debug|Any CPU
		{E37FE9D5-3CAB-42F4-9195-207359C89731}.Debug|Any CPU.Build.0 = Debug|Any CPU
		{E37FE9D5-3CAB-42F4-9195-207359C89731}.Release|Any CPU.ActiveCfg = Release|Any CPU
		{E37FE9D5-3CAB-42F4-9195-207359C89731}.Release|Any CPU.Build.0 = Release|Any CPU
		{49EC01C2-2416-49FC-8DC6-D1D651CDC591}.Debug|Any CPU.ActiveCfg = Debug|Any CPU
		{49EC01C2-2416-49FC-8DC6-D1D651CDC591}.Debug|Any CPU.Build.0 = Debug|Any CPU
		{49EC01C2-2416-49FC-8DC6-D1D651CDC591}.Release|Any CPU.ActiveCfg = Release|Any CPU
		{49EC01C2-2416-49FC-8DC6-D1D651CDC591}.Release|Any CPU.Build.0 = Release|Any CPU
		{8DDBDD65-80C5-4493-B53E-F456E2667638}.Debug|Any CPU.ActiveCfg = Debug|Any CPU
		{8DDBDD65-80C5-4493-B53E-F456E2667638}.Debug|Any CPU.Build.0 = Debug|Any CPU
		{8DDBDD65-80C5-4493-B53E-F456E2667638}.Release|Any CPU.ActiveCfg = Release|Any CPU
		{8DDBDD65-80C5-4493-B53E-F456E2667638}.Release|Any CPU.Build.0 = Release|Any CPU
		{835E003C-3AB6-406C-A265-642016C5B52B}.Debug|Any CPU.ActiveCfg = Debug|Any CPU
		{835E003C-3AB6-406C-A265-642016C5B52B}.Debug|Any CPU.Build.0 = Debug|Any CPU
		{835E003C-3AB6-406C-A265-642016C5B52B}.Release|Any CPU.ActiveCfg = Release|Any CPU
		{835E003C-3AB6-406C-A265-642016C5B52B}.Release|Any CPU.Build.0 = Release|Any CPU
		{68409448-71DD-45AD-A31A-AAEEB4C8A93B}.Debug|Any CPU.ActiveCfg = Debug|Any CPU
		{68409448-71DD-45AD-A31A-AAEEB4C8A93B}.Debug|Any CPU.Build.0 = Debug|Any CPU
		{68409448-71DD-45AD-A31A-AAEEB4C8A93B}.Release|Any CPU.ActiveCfg = Release|Any CPU
		{68409448-71DD-45AD-A31A-AAEEB4C8A93B}.Release|Any CPU.Build.0 = Release|Any CPU
		{67257BEA-C153-4DEB-B456-3AC1F4A3E51E}.Debug|Any CPU.ActiveCfg = Debug|Any CPU
		{67257BEA-C153-4DEB-B456-3AC1F4A3E51E}.Debug|Any CPU.Build.0 = Debug|Any CPU
		{67257BEA-C153-4DEB-B456-3AC1F4A3E51E}.Release|Any CPU.ActiveCfg = Release|Any CPU
		{67257BEA-C153-4DEB-B456-3AC1F4A3E51E}.Release|Any CPU.Build.0 = Release|Any CPU
		{467C4AE9-20C5-40BB-9D44-1639A7D87879}.Debug|Any CPU.ActiveCfg = Debug|Any CPU
		{467C4AE9-20C5-40BB-9D44-1639A7D87879}.Debug|Any CPU.Build.0 = Debug|Any CPU
		{467C4AE9-20C5-40BB-9D44-1639A7D87879}.Release|Any CPU.ActiveCfg = Release|Any CPU
		{467C4AE9-20C5-40BB-9D44-1639A7D87879}.Release|Any CPU.Build.0 = Release|Any CPU
		{90B68AD6-AA0A-4BE9-AD92-C31100D410A5}.Debug|Any CPU.ActiveCfg = Debug|Any CPU
		{90B68AD6-AA0A-4BE9-AD92-C31100D410A5}.Debug|Any CPU.Build.0 = Debug|Any CPU
		{90B68AD6-AA0A-4BE9-AD92-C31100D410A5}.Release|Any CPU.ActiveCfg = Release|Any CPU
		{90B68AD6-AA0A-4BE9-AD92-C31100D410A5}.Release|Any CPU.Build.0 = Release|Any CPU
		{3B3E2C0A-B409-4C86-AA93-D254EF4717EC}.Debug|Any CPU.ActiveCfg = Debug|Any CPU
		{3B3E2C0A-B409-4C86-AA93-D254EF4717EC}.Debug|Any CPU.Build.0 = Debug|Any CPU
		{3B3E2C0A-B409-4C86-AA93-D254EF4717EC}.Release|Any CPU.ActiveCfg = Release|Any CPU
		{3B3E2C0A-B409-4C86-AA93-D254EF4717EC}.Release|Any CPU.Build.0 = Release|Any CPU
		{A0D3F432-DF70-40DA-A9B3-D6BED53614FD}.Debug|Any CPU.ActiveCfg = Debug|Any CPU
		{A0D3F432-DF70-40DA-A9B3-D6BED53614FD}.Debug|Any CPU.Build.0 = Debug|Any CPU
		{A0D3F432-DF70-40DA-A9B3-D6BED53614FD}.Release|Any CPU.ActiveCfg = Release|Any CPU
		{A0D3F432-DF70-40DA-A9B3-D6BED53614FD}.Release|Any CPU.Build.0 = Release|Any CPU
		{E7520D1D-040D-4ED7-A68E-70738D4052D0}.Debug|Any CPU.ActiveCfg = Debug|Any CPU
		{E7520D1D-040D-4ED7-A68E-70738D4052D0}.Debug|Any CPU.Build.0 = Debug|Any CPU
		{E7520D1D-040D-4ED7-A68E-70738D4052D0}.Release|Any CPU.ActiveCfg = Release|Any CPU
		{E7520D1D-040D-4ED7-A68E-70738D4052D0}.Release|Any CPU.Build.0 = Release|Any CPU
		{293B0526-0827-45F4-BFA1-65973CD54234}.Debug|Any CPU.ActiveCfg = Debug|Any CPU
		{293B0526-0827-45F4-BFA1-65973CD54234}.Debug|Any CPU.Build.0 = Debug|Any CPU
		{293B0526-0827-45F4-BFA1-65973CD54234}.Release|Any CPU.ActiveCfg = Release|Any CPU
		{293B0526-0827-45F4-BFA1-65973CD54234}.Release|Any CPU.Build.0 = Release|Any CPU
		{1E9C4FB4-B47F-4C49-9D3A-A76B034A3EA3}.Debug|Any CPU.ActiveCfg = Debug|Any CPU
		{1E9C4FB4-B47F-4C49-9D3A-A76B034A3EA3}.Debug|Any CPU.Build.0 = Debug|Any CPU
		{1E9C4FB4-B47F-4C49-9D3A-A76B034A3EA3}.Release|Any CPU.ActiveCfg = Release|Any CPU
		{1E9C4FB4-B47F-4C49-9D3A-A76B034A3EA3}.Release|Any CPU.Build.0 = Release|Any CPU
		{D71E5622-2608-448A-ADEB-287FC5714DCB}.Debug|Any CPU.ActiveCfg = Debug|Any CPU
		{D71E5622-2608-448A-ADEB-287FC5714DCB}.Debug|Any CPU.Build.0 = Debug|Any CPU
		{D71E5622-2608-448A-ADEB-287FC5714DCB}.Release|Any CPU.ActiveCfg = Release|Any CPU
		{D71E5622-2608-448A-ADEB-287FC5714DCB}.Release|Any CPU.Build.0 = Release|Any CPU
		{6F3CBFDD-DBB5-446C-8B91-4E0BF818C725}.Debug|Any CPU.ActiveCfg = Debug|Any CPU
		{6F3CBFDD-DBB5-446C-8B91-4E0BF818C725}.Debug|Any CPU.Build.0 = Debug|Any CPU
		{6F3CBFDD-DBB5-446C-8B91-4E0BF818C725}.Release|Any CPU.ActiveCfg = Release|Any CPU
		{6F3CBFDD-DBB5-446C-8B91-4E0BF818C725}.Release|Any CPU.Build.0 = Release|Any CPU
		{C44D834D-3736-4B83-80AF-36F9A6936521}.Debug|Any CPU.ActiveCfg = Debug|Any CPU
		{C44D834D-3736-4B83-80AF-36F9A6936521}.Debug|Any CPU.Build.0 = Debug|Any CPU
		{C44D834D-3736-4B83-80AF-36F9A6936521}.Release|Any CPU.ActiveCfg = Release|Any CPU
		{C44D834D-3736-4B83-80AF-36F9A6936521}.Release|Any CPU.Build.0 = Release|Any CPU
		{5E52F052-F5AB-472B-97AF-EA893606E4DF}.Debug|Any CPU.ActiveCfg = Debug|Any CPU
		{5E52F052-F5AB-472B-97AF-EA893606E4DF}.Debug|Any CPU.Build.0 = Debug|Any CPU
		{5E52F052-F5AB-472B-97AF-EA893606E4DF}.Release|Any CPU.ActiveCfg = Release|Any CPU
		{5E52F052-F5AB-472B-97AF-EA893606E4DF}.Release|Any CPU.Build.0 = Release|Any CPU
		{5F16A0EF-3A7D-4912-BC2A-CB48803C6E66}.Debug|Any CPU.ActiveCfg = Debug|Any CPU
		{5F16A0EF-3A7D-4912-BC2A-CB48803C6E66}.Debug|Any CPU.Build.0 = Debug|Any CPU
		{5F16A0EF-3A7D-4912-BC2A-CB48803C6E66}.Release|Any CPU.ActiveCfg = Release|Any CPU
		{5F16A0EF-3A7D-4912-BC2A-CB48803C6E66}.Release|Any CPU.Build.0 = Release|Any CPU
		{57988B0A-A827-4689-92DB-FF075184C520}.Debug|Any CPU.ActiveCfg = Debug|Any CPU
		{57988B0A-A827-4689-92DB-FF075184C520}.Debug|Any CPU.Build.0 = Debug|Any CPU
		{57988B0A-A827-4689-92DB-FF075184C520}.Release|Any CPU.ActiveCfg = Release|Any CPU
		{57988B0A-A827-4689-92DB-FF075184C520}.Release|Any CPU.Build.0 = Release|Any CPU
		{56FCCD40-BC24-4D77-A373-DA1408DFA475}.Debug|Any CPU.ActiveCfg = Debug|Any CPU
		{56FCCD40-BC24-4D77-A373-DA1408DFA475}.Debug|Any CPU.Build.0 = Debug|Any CPU
		{56FCCD40-BC24-4D77-A373-DA1408DFA475}.Release|Any CPU.ActiveCfg = Release|Any CPU
		{56FCCD40-BC24-4D77-A373-DA1408DFA475}.Release|Any CPU.Build.0 = Release|Any CPU
		{142B3050-76F6-4790-9146-9CA3F1A29CAC}.Debug|Any CPU.ActiveCfg = Debug|Any CPU
		{142B3050-76F6-4790-9146-9CA3F1A29CAC}.Debug|Any CPU.Build.0 = Debug|Any CPU
		{142B3050-76F6-4790-9146-9CA3F1A29CAC}.Release|Any CPU.ActiveCfg = Release|Any CPU
		{142B3050-76F6-4790-9146-9CA3F1A29CAC}.Release|Any CPU.Build.0 = Release|Any CPU
		{58C7DD57-460E-4B0D-8E84-F4443D9F9CBC}.Debug|Any CPU.ActiveCfg = Debug|Any CPU
		{58C7DD57-460E-4B0D-8E84-F4443D9F9CBC}.Debug|Any CPU.Build.0 = Debug|Any CPU
		{58C7DD57-460E-4B0D-8E84-F4443D9F9CBC}.Release|Any CPU.ActiveCfg = Release|Any CPU
		{58C7DD57-460E-4B0D-8E84-F4443D9F9CBC}.Release|Any CPU.Build.0 = Release|Any CPU
		{6F27A026-4B88-4226-BFA6-0A721FB95CF8}.Debug|Any CPU.ActiveCfg = Debug|Any CPU
		{6F27A026-4B88-4226-BFA6-0A721FB95CF8}.Debug|Any CPU.Build.0 = Debug|Any CPU
		{6F27A026-4B88-4226-BFA6-0A721FB95CF8}.Release|Any CPU.ActiveCfg = Release|Any CPU
		{6F27A026-4B88-4226-BFA6-0A721FB95CF8}.Release|Any CPU.Build.0 = Release|Any CPU
		{794C230A-90B7-48F7-BC5B-160058FFD530}.Debug|Any CPU.ActiveCfg = Debug|Any CPU
		{794C230A-90B7-48F7-BC5B-160058FFD530}.Debug|Any CPU.Build.0 = Debug|Any CPU
		{794C230A-90B7-48F7-BC5B-160058FFD530}.Release|Any CPU.ActiveCfg = Release|Any CPU
		{794C230A-90B7-48F7-BC5B-160058FFD530}.Release|Any CPU.Build.0 = Release|Any CPU
		{42513A49-DB82-4F26-87B3-F4F4AFFCAC70}.Debug|Any CPU.ActiveCfg = Debug|Any CPU
		{42513A49-DB82-4F26-87B3-F4F4AFFCAC70}.Debug|Any CPU.Build.0 = Debug|Any CPU
		{42513A49-DB82-4F26-87B3-F4F4AFFCAC70}.Release|Any CPU.ActiveCfg = Release|Any CPU
		{42513A49-DB82-4F26-87B3-F4F4AFFCAC70}.Release|Any CPU.Build.0 = Release|Any CPU
	EndGlobalSection
	GlobalSection(SolutionProperties) = preSolution
		HideSolutionNode = FALSE
	EndGlobalSection
	GlobalSection(NestedProjects) = preSolution
		{901EAB51-ECC3-4F20-8BCB-834156F8968B} = {A17395C1-5BA6-48F7-813A-14AC0F0FDC36}
		{61BE72DB-A13C-4436-8F67-2D57FC6E1925} = {A17395C1-5BA6-48F7-813A-14AC0F0FDC36}
		{E37FE9D5-3CAB-42F4-9195-207359C89731} = {A17395C1-5BA6-48F7-813A-14AC0F0FDC36}
		{49EC01C2-2416-49FC-8DC6-D1D651CDC591} = {A17395C1-5BA6-48F7-813A-14AC0F0FDC36}
		{8DDBDD65-80C5-4493-B53E-F456E2667638} = {A17395C1-5BA6-48F7-813A-14AC0F0FDC36}
		{835E003C-3AB6-406C-A265-642016C5B52B} = {A17395C1-5BA6-48F7-813A-14AC0F0FDC36}
		{68409448-71DD-45AD-A31A-AAEEB4C8A93B} = {A17395C1-5BA6-48F7-813A-14AC0F0FDC36}
		{67257BEA-C153-4DEB-B456-3AC1F4A3E51E} = {A17395C1-5BA6-48F7-813A-14AC0F0FDC36}
		{467C4AE9-20C5-40BB-9D44-1639A7D87879} = {A17395C1-5BA6-48F7-813A-14AC0F0FDC36}
		{90B68AD6-AA0A-4BE9-AD92-C31100D410A5} = {A17395C1-5BA6-48F7-813A-14AC0F0FDC36}
		{3B3E2C0A-B409-4C86-AA93-D254EF4717EC} = {A17395C1-5BA6-48F7-813A-14AC0F0FDC36}
		{A0D3F432-DF70-40DA-A9B3-D6BED53614FD} = {A17395C1-5BA6-48F7-813A-14AC0F0FDC36}
		{E7520D1D-040D-4ED7-A68E-70738D4052D0} = {A17395C1-5BA6-48F7-813A-14AC0F0FDC36}
		{293B0526-0827-45F4-BFA1-65973CD54234} = {A17395C1-5BA6-48F7-813A-14AC0F0FDC36}
		{1E9C4FB4-B47F-4C49-9D3A-A76B034A3EA3} = {A17395C1-5BA6-48F7-813A-14AC0F0FDC36}
		{D71E5622-2608-448A-ADEB-287FC5714DCB} = {A17395C1-5BA6-48F7-813A-14AC0F0FDC36}
		{6F3CBFDD-DBB5-446C-8B91-4E0BF818C725} = {A17395C1-5BA6-48F7-813A-14AC0F0FDC36}
		{C44D834D-3736-4B83-80AF-36F9A6936521} = {A17395C1-5BA6-48F7-813A-14AC0F0FDC36}
		{5E52F052-F5AB-472B-97AF-EA893606E4DF} = {A17395C1-5BA6-48F7-813A-14AC0F0FDC36}
		{5F16A0EF-3A7D-4912-BC2A-CB48803C6E66} = {A17395C1-5BA6-48F7-813A-14AC0F0FDC36}
		{57988B0A-A827-4689-92DB-FF075184C520} = {A17395C1-5BA6-48F7-813A-14AC0F0FDC36}
		{56FCCD40-BC24-4D77-A373-DA1408DFA475} = {A17395C1-5BA6-48F7-813A-14AC0F0FDC36}
		{142B3050-76F6-4790-9146-9CA3F1A29CAC} = {A17395C1-5BA6-48F7-813A-14AC0F0FDC36}
		{58C7DD57-460E-4B0D-8E84-F4443D9F9CBC} = {A17395C1-5BA6-48F7-813A-14AC0F0FDC36}
		{6F27A026-4B88-4226-BFA6-0A721FB95CF8} = {A17395C1-5BA6-48F7-813A-14AC0F0FDC36}
		{794C230A-90B7-48F7-BC5B-160058FFD530} = {A17395C1-5BA6-48F7-813A-14AC0F0FDC36}
		{42513A49-DB82-4F26-87B3-F4F4AFFCAC70} = {A17395C1-5BA6-48F7-813A-14AC0F0FDC36}
	EndGlobalSection
	GlobalSection(ExtensibilityGlobals) = postSolution
		SolutionGuid = {9F568ABF-033D-4D7F-A0F4-DBFED6B59DBB}
	EndGlobalSection
EndGlobal
